
Microsoft Visual Studio Solution File, Format Version 10.00
# Visual Studio 2008
Project("{54435603-DBB4-11D2-8724-00A0C9A8B90C}") = "DeployProperties", "DeployProperties.vdproj", "{C89D83AF-A380-4D1A-B5A6-BCD832C41D03}"
EndProject
Global
	GlobalSection(SolutionConfigurationPlatforms) = preSolution
		Debug|Default = Debug|Default
		Release|Default = Release|Default
	EndGlobalSection
	GlobalSection(ProjectConfigurationPlatforms) = postSolution
		{C89D83AF-A380-4D1A-B5A6-BCD832C41D03}.Debug|Default.ActiveCfg = Debug
		{C89D83AF-A380-4D1A-B5A6-BCD832C41D03}.Debug|Default.Build.0 = Debug
		{C89D83AF-A380-4D1A-B5A6-BCD832C41D03}.Release|Default.ActiveCfg = Release
		{C89D83AF-A380-4D1A-B5A6-BCD832C41D03}.Release|Default.Build.0 = Release
	EndGlobalSection
	GlobalSection(SolutionProperties) = preSolution
		HideSolutionNode = FALSE
	EndGlobalSection
EndGlobal
